
Microsoft Visual Studio Solution File, Format Version 12.00
# Visual Studio Version 17
VisualStudioVersion = 17.0.32112.339
MinimumVisualStudioVersion = 10.0.40219.1
Project("{8BC9CEB8-8B4A-11D0-8D11-00A0C91BC942}") = "assignment_1", "assignment_1\assignment_1.vcxproj", "{2217F5C8-2D91-4AD1-BF5C-65BCAA00AFD4}"
EndProject
Global
	GlobalSection(SolutionConfigurationPlatforms) = preSolution
		Debug|x64 = Debug|x64
		Debug|x86 = Debug|x86
		Release|x64 = Release|x64
		Release|x86 = Release|x86
	EndGlobalSection
	GlobalSection(ProjectConfigurationPlatforms) = postSolution
		{2217F5C8-2D91-4AD1-BF5C-65BCAA00AFD4}.Debug|x64.ActiveCfg = Debug|x64
		{2217F5C8-2D91-4AD1-BF5C-65BCAA00AFD4}.Debug|x64.Build.0 = Debug|x64
		{2217F5C8-2D91-4AD1-BF5C-65BCAA00AFD4}.Debug|x86.ActiveCfg = Debug|Win32
		{2217F5C8-2D91-4AD1-BF5C-65BCAA00AFD4}.Debug|x86.Build.0 = Debug|Win32
		{2217F5C8-2D91-4AD1-BF5C-65BCAA00AFD4}.Release|x64.ActiveCfg = Release|x64
		{2217F5C8-2D91-4AD1-BF5C-65BCAA00AFD4}.Release|x64.Build.0 = Release|x64
		{2217F5C8-2D91-4AD1-BF5C-65BCAA00AFD4}.Release|x86.ActiveCfg = Release|Win32
		{2217F5C8-2D91-4AD1-BF5C-65BCAA00AFD4}.Release|x86.Build.0 = Release|Win32
	EndGlobalSection
	GlobalSection(SolutionProperties) = preSolution
		HideSolutionNode = FALSE
	EndGlobalSection
	GlobalSection(ExtensibilityGlobals) = postSolution
		SolutionGuid = {E3C66106-389A-4709-9A6D-E210C6597E29}
	EndGlobalSection
EndGlobal
